PODS:
  - EstimoteBluetoothScanning (0.1.1)
  - EstimoteIndoorSDK (2.7.1):
    - EstimoteSDK (~> 4.16.0)
  - EstimoteProximitySDK (0.10.0):
    - EstimoteBluetoothScanning (~> 0.1.0)
  - EstimoteSDK (4.16.2)
  - Mapbox-iOS-SDK (3.7.0)

DEPENDENCIES:
  - EstimoteIndoorSDK
  - EstimoteProximitySDK
  - Mapbox-iOS-SDK

SPEC CHECKSUMS:
  EstimoteBluetoothScanning: 666ebad39ccfb80e3644b403413a4f3415fbac57
  EstimoteIndoorSDK: 53eaf12601b855f1d7eea7ae930d3fb8f66fb71d
  EstimoteProximitySDK: 24cf3d6e621e5d50bd4bdd1c5413c34e3a67459a
  EstimoteSDK: 17d0778be064419dd905f41981f831052f4c19ee
  Mapbox-iOS-SDK: 699818d30e1ed4985d3efc6a06c40b90907c586d

PODFILE CHECKSUM: 36afc0eaca06b27d83b626c7505b09e63b05cca1

COCOAPODS: 1.3.1
